
Microsoft Visual Studio Solution File, Format Version 12.00
# Visual Studio 2012
Project("{8BC9CEB8-8B4A-11D0-8D11-00A0C91BC942}") = "CheckSum", "CheckSum\CheckSum.vcxproj", "{B12702AD-ABFB-343A-A199-8E24837244A3}"
EndProject
Project("{8BC9CEB8-8B4A-11D0-8D11-00A0C91BC942}") = "CheckSumStatic", "CheckSum\CheckSumStatic.vcxproj", "{1368215E-F835-4783-95D6-3150B19128F0}"
EndProject
Project("{8BC9CEB8-8B4A-11D0-8D11-00A0C91BC942}") = "ChSum", "ChSum\ChSum.vcxproj", "{0BDB134C-CCC5-4061-8653-54ECD2AF0D0A}"
EndProject
Project("{8BC9CEB8-8B4A-11D0-8D11-00A0C91BC942}") = "ChSumStatic", "ChSum\ChSumStatic.vcxproj", "{5C4A9C26-9BAF-4F22-AF1A-E07678B269A5}"
EndProject
Global
	GlobalSection(SolutionConfigurationPlatforms) = preSolution
		Debug|Win32 = Debug|Win32
		Release|Win32 = Release|Win32
	EndGlobalSection
	GlobalSection(ProjectConfigurationPlatforms) = postSolution
		{B12702AD-ABFB-343A-A199-8E24837244A3}.Debug|Win32.ActiveCfg = Debug|Win32
		{B12702AD-ABFB-343A-A199-8E24837244A3}.Debug|Win32.Build.0 = Debug|Win32
		{B12702AD-ABFB-343A-A199-8E24837244A3}.Release|Win32.ActiveCfg = Release|Win32
		{B12702AD-ABFB-343A-A199-8E24837244A3}.Release|Win32.Build.0 = Release|Win32
		{1368215E-F835-4783-95D6-3150B19128F0}.Debug|Win32.ActiveCfg = Debug|Win32
		{1368215E-F835-4783-95D6-3150B19128F0}.Debug|Win32.Build.0 = Debug|Win32
		{1368215E-F835-4783-95D6-3150B19128F0}.Release|Win32.ActiveCfg = Release|Win32
		{1368215E-F835-4783-95D6-3150B19128F0}.Release|Win32.Build.0 = Release|Win32
		{0BDB134C-CCC5-4061-8653-54ECD2AF0D0A}.Debug|Win32.ActiveCfg = Debug|Win32
		{0BDB134C-CCC5-4061-8653-54ECD2AF0D0A}.Debug|Win32.Build.0 = Debug|Win32
		{0BDB134C-CCC5-4061-8653-54ECD2AF0D0A}.Release|Win32.ActiveCfg = Release|Win32
		{0BDB134C-CCC5-4061-8653-54ECD2AF0D0A}.Release|Win32.Build.0 = Release|Win32
		{5C4A9C26-9BAF-4F22-AF1A-E07678B269A5}.Debug|Win32.ActiveCfg = Debug|Win32
		{5C4A9C26-9BAF-4F22-AF1A-E07678B269A5}.Debug|Win32.Build.0 = Debug|Win32
		{5C4A9C26-9BAF-4F22-AF1A-E07678B269A5}.Release|Win32.ActiveCfg = Release|Win32
		{5C4A9C26-9BAF-4F22-AF1A-E07678B269A5}.Release|Win32.Build.0 = Release|Win32
	EndGlobalSection
	GlobalSection(SolutionProperties) = preSolution
		HideSolutionNode = FALSE
	EndGlobalSection
EndGlobal
