// !$*UTF8*$!
{
	archiveVersion = 1;
	classes = {
	};
	objectVersion = 46;
	objects = {

/* Begin PBXAggregateTarget section */
		8C9F7C9647E9CFB845F727E8 /* Qt Preprocess */ = {
			isa = PBXAggregateTarget;
			buildConfigurationList = 6CC3B5D2136C7CD6A5CF5A59 /* Build configuration list for PBXNativeTarget "CheckSum" */;
			buildPhases = (
				5E618435888B9D49F8540165 /* Qt Qmake */,
				7EF0942E79C014DCEC8976BC /* Qt Preprocessors */,
			);
			dependencies = (
			);
			name = "Qt Preprocess";
			productName = "Qt Preprocess";
		};
/* End PBXAggregateTarget section */

/* Begin PBXBuildFile section */
		0313C7D8120890CA8DFF4132 /* dummy.cpp in Compile Sources */ = {isa = PBXBuildFile; fileRef = DBCAE68485DBA908663429CA /* dummy.cpp */; settings = {ATTRIBUTES = (); }; };
		0B30C86D4DEE3B6D01704815 /* singleapplication.cpp in Compile Sources */ = {isa = PBXBuildFile; fileRef = F48EE3B7C6BAFB8467A24C34 /* singleapplication.cpp */; settings = {ATTRIBUTES = (); }; };
		0BB88E1542169C2B832CED17 /* Qt5Widgets in Link Binary With Libraries */ = {isa = PBXBuildFile; fileRef = 963E39EFB81A155198EE1A27 /* Qt5Widgets */; };
		0CE02722F00CAD43741297B5 /* CoreGraphics.framework in Link Binary With Libraries */ = {isa = PBXBuildFile; fileRef = 6AE3EC31EE5BB1FCEE84137C /* CoreGraphics.framework */; };
		1357A03DB93FCE08BACDE3A7 /* main.cpp in Compile Sources */ = {isa = PBXBuildFile; fileRef = 2DF310E76F57E3E63671189C /* main.cpp */; settings = {ATTRIBUTES = (); }; };
		15364689D2AB5A30E87A689F /* Security.framework in Link Binary With Libraries */ = {isa = PBXBuildFile; fileRef = 205259EEEE2BADA5E64741E3 /* Security.framework */; };
		167E244056E56866FE1CF0FE /* qmacstyle in Link Binary With Libraries */ = {isa = PBXBuildFile; fileRef = 3611B52F813C79359F307D97 /* qmacstyle */; };
		18D15CB920B9185000758442 /* MacIcon.icns in Copy Bundle Resources */ = {isa = PBXBuildFile; fileRef = 18D15CB820B9185000758442 /* MacIcon.icns */; };
		1AB01A4D60FEF66DC4A9763F /* checksum_plugin_import.cpp in Compile Sources */ = {isa = PBXBuildFile; fileRef = A6C1970C718C444BE89B281B /* checksum_plugin_import.cpp */; settings = {ATTRIBUTES = (); }; };
		1D137C703F4AFB177A8F32BD /* Qt5FontDatabaseSupport in Link Binary With Libraries */ = {isa = PBXBuildFile; fileRef = 1ED2DFC06BE668E05006F0BF /* Qt5FontDatabaseSupport */; };
		1F8275852D155105DBC21CA0 /* qrc_checksum.cpp in Compile Sources */ = {isa = PBXBuildFile; fileRef = 75FDED66D5E12A555223025D /* qrc_checksum.cpp */; settings = {ATTRIBUTES = (); }; };
		2661E87D171EC32AFC24555F /* qtpcre2 in Link Binary With Libraries */ = {isa = PBXBuildFile; fileRef = A9159446910A9645459CBC9A /* qtpcre2 */; };
		2B02D9DC58A01E45248DDBCE /* CoreText.framework in Link Binary With Libraries */ = {isa = PBXBuildFile; fileRef = 7D7B02101166B76FD2D4F8B4 /* CoreText.framework */; };
		2EDD96F4A06731462C8DEC9D /* Qt5GraphicsSupport in Link Binary With Libraries */ = {isa = PBXBuildFile; fileRef = A9FB619DFD714A032D3911D0 /* Qt5GraphicsSupport */; };
		328FD74542F6E2C873EE4D4B /* ApplicationServices.framework in Link Binary With Libraries */ = {isa = PBXBuildFile; fileRef = DFD7912080BC557230093752 /* ApplicationServices.framework */; };
		369B03253A56D3360A52DE1A /* qgenericbearer in Link Binary With Libraries */ = {isa = PBXBuildFile; fileRef = 9D4D71DEB95D309A42871AD3 /* qgenericbearer */; };
		43B4782C4BC1B10DF8B94ED1 /* qtharfbuzz in Link Binary With Libraries */ = {isa = PBXBuildFile; fileRef = 8FD9863393EA1FAEA8CA38E0 /* qtharfbuzz */; };
		4D240C2C2F61131164AA8DA5 /* qcocoa in Link Binary With Libraries */ = {isa = PBXBuildFile; fileRef = A188A587032BA2BED00BCC33 /* qcocoa */; };
		4E9DEB077E2FBE2189AE665E /* Qt5AccessibilitySupport in Link Binary With Libraries */ = {isa = PBXBuildFile; fileRef = 605BC8B27D861793EC50B539 /* Qt5AccessibilitySupport */; };
		5E613805A7DDFDE9161F1611 /* MoveWidget.cpp in Compile Sources */ = {isa = PBXBuildFile; fileRef = 038F31E11FD2F370BAE0ED78 /* MoveWidget.cpp */; settings = {ATTRIBUTES = (); }; };
		60CAC28E6D51452A10719251 /* qtiff in Link Binary With Libraries */ = {isa = PBXBuildFile; fileRef = ACB2738A160C7D531954ACF6 /* qtiff */; };
		61EEC397DC8556BF8C4E36A7 /* ImageIO.framework in Link Binary With Libraries */ = {isa = PBXBuildFile; fileRef = 3A8EF9C62A8D4790CBB89CEA /* ImageIO.framework */; };
		626977B47417B27DC69E03CC /* moc_CalculateFileCheckThread.cpp in Compile Sources */ = {isa = PBXBuildFile; fileRef = CBDC798BCE61A51EA792E6DA /* moc_CalculateFileCheckThread.cpp */; settings = {ATTRIBUTES = (); }; };
		6362BD61821F63B1D453C96B /* Qt5ClipboardSupport in Link Binary With Libraries */ = {isa = PBXBuildFile; fileRef = 7239ECDAEA862469791279BB /* Qt5ClipboardSupport */; };
		668DDDA0C55405E7FCFD6CA5 /* CoreServices.framework in Link Binary With Libraries */ = {isa = PBXBuildFile; fileRef = 9742F24EE18EA44D52824F1E /* CoreServices.framework */; };
		6D802B99420E95FBFD7586EE /* checksum.cpp in Compile Sources */ = {isa = PBXBuildFile; fileRef = BAE79D923665E08588180944 /* checksum.cpp */; settings = {ATTRIBUTES = (); }; };
		7D3F745C50B1F10E796D3C5A /* qtga in Link Binary With Libraries */ = {isa = PBXBuildFile; fileRef = 959BE535DDAB08389379149C /* qtga */; };
		8771A8C96E9C391044035D99 /* OpenGL.framework in Link Binary With Libraries */ = {isa = PBXBuildFile; fileRef = D4B32C2222F82AC56BADEB21 /* OpenGL.framework */; };
		8B521F82624A1D4D57792171 /* qwebp in Link Binary With Libraries */ = {isa = PBXBuildFile; fileRef = CFD35AE5CA73FFCC4A689D42 /* qwebp */; };
		8D267F2E4776F0ECA2F49DC8 /* IOKit.framework in Link Binary With Libraries */ = {isa = PBXBuildFile; fileRef = A1A67BEAA744704B29168D39 /* IOKit.framework */; };
		8DD02BE09BAD2D37F8F2CBA0 /* qtfreetype in Link Binary With Libraries */ = {isa = PBXBuildFile; fileRef = F03840B63BE8CC52ED0F3B95 /* qtfreetype */; };
		A42F2C726655AB4EEE4AB1B2 /* Qt5PrintSupport in Link Binary With Libraries */ = {isa = PBXBuildFile; fileRef = 1402E731C643AE1B0067112A /* Qt5PrintSupport */; };
		A501050C2490AAA75D09388C /* Qt5Gui in Link Binary With Libraries */ = {isa = PBXBuildFile; fileRef = E6665516091D32A2C4BC0B26 /* Qt5Gui */; };
		A5AE0304D8D220A94FD0F4E0 /* Qt5Core in Link Binary With Libraries */ = {isa = PBXBuildFile; fileRef = 849600FB6F1A4E965EEE495C /* Qt5Core */; };
		A99B2AA0F9CBBDD12BA126A4 /* DiskArbitration.framework in Link Binary With Libraries */ = {isa = PBXBuildFile; fileRef = 2B774D8E4178765CE52EAAF5 /* DiskArbitration.framework */; };
		AAFCA0D9B73B867D66C18947 /* moc_checksum.cpp in Compile Sources */ = {isa = PBXBuildFile; fileRef = 84E5A8622378071078B37423 /* moc_checksum.cpp */; settings = {ATTRIBUTES = (); }; };
		B1169A842CE017C790662742 /* qicns in Link Binary With Libraries */ = {isa = PBXBuildFile; fileRef = 28D93D11FE4EC49FC25C362F /* qicns */; };
		B42401BB683CDDB11BD4395C /* qjpeg in Link Binary With Libraries */ = {isa = PBXBuildFile; fileRef = 86B56BC273E2CB70DC4BAFD2 /* qjpeg */; };
		B460F624007324313696BE86 /* QuartzCore.framework in Link Binary With Libraries */ = {isa = PBXBuildFile; fileRef = 7EC00404ACD5AB0E97726B0E /* QuartzCore.framework */; };
		BAB0DAF810D2BAFEDE013D18 /* cocoaprintersupport in Link Binary With Libraries */ = {isa = PBXBuildFile; fileRef = F0D6D5925A90370C69166CA8 /* cocoaprintersupport */; };
		BC5EDF88442C8E552AA46B7D /* Qt5Network in Link Binary With Libraries */ = {isa = PBXBuildFile; fileRef = F7B17C25D734C71B5F01C532 /* Qt5Network */; };
		C127EDF8E11AA1E4DBF7E406 /* MoveLabel.cpp in Compile Sources */ = {isa = PBXBuildFile; fileRef = DBADBA4A384BB1C121BF1C13 /* MoveLabel.cpp */; settings = {ATTRIBUTES = (); }; };
		C9EE5E17F1B19EA9824AF19F /* moc_CalculateTaskManager.cpp in Compile Sources */ = {isa = PBXBuildFile; fileRef = F6ABFAB86C54B99F1053DA8E /* moc_CalculateTaskManager.cpp */; settings = {ATTRIBUTES = (); }; };
		CA2065F8E65BC001FEC83C5F /* QtWindowsAero.cpp in Compile Sources */ = {isa = PBXBuildFile; fileRef = 567E587911553A8F85769F4F /* QtWindowsAero.cpp */; settings = {ATTRIBUTES = (); }; };
		D4182164C24A1BF1CEE2E2B8 /* qgif in Link Binary With Libraries */ = {isa = PBXBuildFile; fileRef = 591E689A3455B0AD8224DBAC /* qgif */; };
		D4639595C3BCF2A39D88DF6E /* SystemConfiguration.framework in Link Binary With Libraries */ = {isa = PBXBuildFile; fileRef = FF5BDAB0076F3391B219EA52 /* SystemConfiguration.framework */; };
		D54FF91E752D80D609154B25 /* qico in Link Binary With Libraries */ = {isa = PBXBuildFile; fileRef = 0AC71381D8AECAF2FA9523F6 /* qico */; };
		D555492840B90BCB9A3AFF1D /* qmacheif in Link Binary With Libraries */ = {isa = PBXBuildFile; fileRef = F001B3595C3475F52541559C /* qmacheif */; };
		E38D807E3D10B8047FA3E2B5 /* CalculateFileCheckThread.cpp in Compile Sources */ = {isa = PBXBuildFile; fileRef = E7699638B2CE05FCD70384B4 /* CalculateFileCheckThread.cpp */; settings = {ATTRIBUTES = (); }; };
		E45E51A644D5FC9F942ECE55 /* AGL.framework in Link Binary With Libraries */ = {isa = PBXBuildFile; fileRef = 8D9815BDB5BD9F90D2BC05C5 /* AGL.framework */; };
		E8FCC5F30261A7B01ADF9D64 /* CalculateTaskManager.cpp in Compile Sources */ = {isa = PBXBuildFile; fileRef = 7C9AE843C31CE62C71E51B65 /* CalculateTaskManager.cpp */; settings = {ATTRIBUTES = (); }; };
		EA9596D6E6AF8FE0F302D739 /* moc_singleapplication.cpp in Compile Sources */ = {isa = PBXBuildFile; fileRef = F3F5CE78F2E02AF64AECC82A /* moc_singleapplication.cpp */; settings = {ATTRIBUTES = (); }; };
		F10C620261F60AB8DFEBA10B /* qtlibpng in Link Binary With Libraries */ = {isa = PBXBuildFile; fileRef = 60B5768B8692DF9970C517BA /* qtlibpng */; };
		F26454630C80841CBDCFE1CA /* Foundation.framework in Link Binary With Libraries */ = {isa = PBXBuildFile; fileRef = FCC237CA5AD60B9BA4447615 /* Foundation.framework */; };
		F2A75ACAC9DF6A3F4E5711E7 /* AppKit.framework in Link Binary With Libraries */ = {isa = PBXBuildFile; fileRef = 723F90793B2C195E2CCB2233 /* AppKit.framework */; };
		F366236BEFE29801BD1B4206 /* qwbmp in Link Binary With Libraries */ = {isa = PBXBuildFile; fileRef = 6A36B5631C3894F20262E2FF /* qwbmp */; };
		F3BD44F3F50DBAA773900CC9 /* Qt5ThemeSupport in Link Binary With Libraries */ = {isa = PBXBuildFile; fileRef = 1E3035B950537B3476CDA789 /* Qt5ThemeSupport */; };
		F7B8E9A3493778128D17CF55 /* qmacjp2 in Link Binary With Libraries */ = {isa = PBXBuildFile; fileRef = 68B1C75F08BC041326F35DC2 /* qmacjp2 */; };
		F8B465CE34D8DF87AAE95913 /* CoreFoundation.framework in Link Binary With Libraries */ = {isa = PBXBuildFile; fileRef = 4D765E1B1EA6C757220C63E7 /* CoreFoundation.framework */; };
		F8ED42CF8679BF83227DAFC4 /* Carbon.framework in Link Binary With Libraries */ = {isa = PBXBuildFile; fileRef = 9DFF62A901D70814B8A323D4 /* Carbon.framework */; };
/* End PBXBuildFile section */

/* Begin PBXContainerItemProxy section */
		18D15CB320B90D5500758442 /* PBXContainerItemProxy */ = {
			isa = PBXContainerItemProxy;
			containerPortal = 6DB9C3763D02B1415CD9D565 /* Project object */;
			proxyType = 1;
			remoteGlobalIDString = 8C9F7C9647E9CFB845F727E8;
			remoteInfo = "Qt Preprocess";
		};
/* End PBXContainerItemProxy section */

/* Begin PBXCopyFilesBuildPhase section */
		99542592E9780B9225F24AA8 /* Embed Frameworks */ = {
			isa = PBXCopyFilesBuildPhase;
			buildActionMask = 2147483647;
			dstPath = "";
			dstSubfolderSpec = 10;
			files = (
			);
			name = "Embed Frameworks";
			runOnlyForDeploymentPostprocessing = 0;
		};
/* End PBXCopyFilesBuildPhase section */

/* Begin PBXFileReference section */
		000EFAECBE9FECC83F243764 /* MoveLabel.h */ = {isa = PBXFileReference; lastKnownFileType = sourcecode.c.h; name = MoveLabel.h; path = /Users/jie/My/Study/Qt/Projects/CheckSum/CheckSum/MoveLabel.h; sourceTree = "<absolute>"; };
		038F31E11FD2F370BAE0ED78 /* MoveWidget.cpp */ = {isa = PBXFileReference; lastKnownFileType = sourcecode.cpp.cpp; name = MoveWidget.cpp; path = /Users/jie/My/Study/Qt/Projects/CheckSum/CheckSum/MoveWidget.cpp; sourceTree = "<absolute>"; };
		06BE538FB6323E57C4AFADC6 /* checksum.qrc */ = {isa = PBXFileReference; lastKnownFileType = text; name = checksum.qrc; path = /Users/jie/My/Study/Qt/Projects/CheckSum/CheckSum/checksum.qrc; sourceTree = "<absolute>"; };
		0AC71381D8AECAF2FA9523F6 /* qico */ = {isa = PBXFileReference; lastKnownFileType = archive.ar; name = qico; path = "/Users/jie/My/Study/Qt/qt-everywhere-src-5.11.0/qtbase/plugins/imageformats/libqico$(QT_LIBRARY_SUFFIX).a"; sourceTree = "<absolute>"; };
		0B4E925CB02E8565483139C1 /* singleapplication.h */ = {isa = PBXFileReference; lastKnownFileType = sourcecode.c.h; name = singleapplication.h; path = /Users/jie/My/Study/Qt/Projects/CheckSum/CheckSum/singleapplication.h; sourceTree = "<absolute>"; };
		1402E731C643AE1B0067112A /* Qt5PrintSupport */ = {isa = PBXFileReference; lastKnownFileType = archive.ar; name = Qt5PrintSupport; path = "/Users/jie/My/Study/Qt/qt-everywhere-src-5.11.0/qtbase/lib/libQt5PrintSupport$(QT_LIBRARY_SUFFIX).a"; sourceTree = "<absolute>"; };
		18D15CB820B9185000758442 /* MacIcon.icns */ = {isa = PBXFileReference; lastKnownFileType = image.icns; name = MacIcon.icns; path = Resources/MacIcon.icns; sourceTree = "<group>"; };
		1E3035B950537B3476CDA789 /* Qt5ThemeSupport */ = {isa = PBXFileReference; lastKnownFileType = archive.ar; name = Qt5ThemeSupport; path = "/Users/jie/My/Study/Qt/qt-everywhere-src-5.11.0/qtbase/lib/libQt5ThemeSupport$(QT_LIBRARY_SUFFIX).a"; sourceTree = "<absolute>"; };
		1ED2DFC06BE668E05006F0BF /* Qt5FontDatabaseSupport */ = {isa = PBXFileReference; lastKnownFileType = archive.ar; name = Qt5FontDatabaseSupport; path = "/Users/jie/My/Study/Qt/qt-everywhere-src-5.11.0/qtbase/lib/libQt5FontDatabaseSupport$(QT_LIBRARY_SUFFIX).a"; sourceTree = "<absolute>"; };
		205259EEEE2BADA5E64741E3 /* Security.framework */ = {isa = PBXFileReference; lastKnownFileType = wrapper.framework; name = Security.framework; path = /System/Library/Frameworks/Security.framework; sourceTree = "<absolute>"; };
		27F57479DF4CC6DB3AC400FF /* MoveWidget.h */ = {isa = PBXFileReference; lastKnownFileType = sourcecode.c.h; name = MoveWidget.h; path = /Users/jie/My/Study/Qt/Projects/CheckSum/CheckSum/MoveWidget.h; sourceTree = "<absolute>"; };
		28D93D11FE4EC49FC25C362F /* qicns */ = {isa = PBXFileReference; lastKnownFileType = archive.ar; name = qicns; path = "/Users/jie/My/Study/Qt/qt-everywhere-src-5.11.0/qtbase/plugins/imageformats/libqicns$(QT_LIBRARY_SUFFIX).a"; sourceTree = "<absolute>"; };
		2B774D8E4178765CE52EAAF5 /* DiskArbitration.framework */ = {isa = PBXFileReference; lastKnownFileType = wrapper.framework; name = DiskArbitration.framework; path = /System/Library/Frameworks/DiskArbitration.framework; sourceTree = "<absolute>"; };
		2DF310E76F57E3E63671189C /* main.cpp */ = {isa = PBXFileReference; lastKnownFileType = sourcecode.cpp.cpp; name = main.cpp; path = /Users/jie/My/Study/Qt/Projects/CheckSum/CheckSum/main.cpp; sourceTree = "<absolute>"; };
		3436E86C04C7190BF502105C /* checksum.h */ = {isa = PBXFileReference; lastKnownFileType = sourcecode.c.h; name = checksum.h; path = /Users/jie/My/Study/Qt/Projects/CheckSum/CheckSum/checksum.h; sourceTree = "<absolute>"; };
		3611B52F813C79359F307D97 /* qmacstyle */ = {isa = PBXFileReference; lastKnownFileType = archive.ar; name = qmacstyle; path = "/Users/jie/My/Study/Qt/qt-everywhere-src-5.11.0/qtbase/plugins/styles/libqmacstyle$(QT_LIBRARY_SUFFIX).a"; sourceTree = "<absolute>"; };
		3A8EF9C62A8D4790CBB89CEA /* ImageIO.framework */ = {isa = PBXFileReference; lastKnownFileType = wrapper.framework; name = ImageIO.framework; path = /System/Library/Frameworks/ImageIO.framework; sourceTree = "<absolute>"; };
		4D765E1B1EA6C757220C63E7 /* CoreFoundation.framework */ = {isa = PBXFileReference; lastKnownFileType = wrapper.framework; name = CoreFoundation.framework; path = /System/Library/Frameworks/CoreFoundation.framework; sourceTree = "<absolute>"; };
		5521B44D55C947DE23802C69 /* CalculateTaskManager.h */ = {isa = PBXFileReference; lastKnownFileType = sourcecode.c.h; name = CalculateTaskManager.h; path = /Users/jie/My/Study/Qt/Projects/CheckSum/CheckSum/CalculateTaskManager.h; sourceTree = "<absolute>"; };
		554067E11BB0323B7F361959 /* CheckSum.pro */ = {isa = PBXFileReference; lastKnownFileType = text; name = CheckSum.pro; path = /Users/jie/My/Study/Qt/Projects/CheckSum/CheckSum/CheckSum.pro; sourceTree = "<absolute>"; };
		567E587911553A8F85769F4F /* QtWindowsAero.cpp */ = {isa = PBXFileReference; lastKnownFileType = sourcecode.cpp.cpp; name = QtWindowsAero.cpp; path = /Users/jie/My/Study/Qt/Projects/CheckSum/CheckSum/QtWindowsAero.cpp; sourceTree = "<absolute>"; };
		591E689A3455B0AD8224DBAC /* qgif */ = {isa = PBXFileReference; lastKnownFileType = archive.ar; name = qgif; path = "/Users/jie/My/Study/Qt/qt-everywhere-src-5.11.0/qtbase/plugins/imageformats/libqgif$(QT_LIBRARY_SUFFIX).a"; sourceTree = "<absolute>"; };
		5D48D5F4C01874A25B1962CB /* .qmake.stash */ = {isa = PBXFileReference; lastKnownFileType = text; name = .qmake.stash; path = /Users/jie/My/Study/Qt/Projects/CheckSum/CheckSum/.qmake.stash; sourceTree = "<absolute>"; };
		605BC8B27D861793EC50B539 /* Qt5AccessibilitySupport */ = {isa = PBXFileReference; lastKnownFileType = archive.ar; name = Qt5AccessibilitySupport; path = "/Users/jie/My/Study/Qt/qt-everywhere-src-5.11.0/qtbase/lib/libQt5AccessibilitySupport$(QT_LIBRARY_SUFFIX).a"; sourceTree = "<absolute>"; };
		60B5768B8692DF9970C517BA /* qtlibpng */ = {isa = PBXFileReference; lastKnownFileType = archive.ar; name = qtlibpng; path = "/Users/jie/My/Study/Qt/qt-everywhere-src-5.11.0/qtbase/lib/libqtlibpng$(QT_LIBRARY_SUFFIX).a"; sourceTree = "<absolute>"; };
		68B1C75F08BC041326F35DC2 /* qmacjp2 */ = {isa = PBXFileReference; lastKnownFileType = archive.ar; name = qmacjp2; path = "/Users/jie/My/Study/Qt/qt-everywhere-src-5.11.0/qtbase/plugins/imageformats/libqmacjp2$(QT_LIBRARY_SUFFIX).a"; sourceTree = "<absolute>"; };
		6A36B5631C3894F20262E2FF /* qwbmp */ = {isa = PBXFileReference; lastKnownFileType = archive.ar; name = qwbmp; path = "/Users/jie/My/Study/Qt/qt-everywhere-src-5.11.0/qtbase/plugins/imageformats/libqwbmp$(QT_LIBRARY_SUFFIX).a"; sourceTree = "<absolute>"; };
		6AE3EC31EE5BB1FCEE84137C /* CoreGraphics.framework */ = {isa = PBXFileReference; lastKnownFileType = wrapper.framework; name = CoreGraphics.framework; path = /System/Library/Frameworks/CoreGraphics.framework; sourceTree = "<absolute>"; };
		7239ECDAEA862469791279BB /* Qt5ClipboardSupport */ = {isa = PBXFileReference; lastKnownFileType = archive.ar; name = Qt5ClipboardSupport; path = "/Users/jie/My/Study/Qt/qt-everywhere-src-5.11.0/qtbase/lib/libQt5ClipboardSupport$(QT_LIBRARY_SUFFIX).a"; sourceTree = "<absolute>"; };
		723F90793B2C195E2CCB2233 /* AppKit.framework */ = {isa = PBXFileReference; lastKnownFileType = wrapper.framework; name = AppKit.framework; path = /System/Library/Frameworks/AppKit.framework; sourceTree = "<absolute>"; };
		75FDED66D5E12A555223025D /* qrc_checksum.cpp */ = {isa = PBXFileReference; lastKnownFileType = sourcecode.cpp.cpp; name = qrc_checksum.cpp; path = /Users/jie/My/Study/Qt/Projects/CheckSum/CheckSum/qrc_checksum.cpp; sourceTree = "<absolute>"; };
		7C9AE843C31CE62C71E51B65 /* CalculateTaskManager.cpp */ = {isa = PBXFileReference; lastKnownFileType = sourcecode.cpp.cpp; name = CalculateTaskManager.cpp; path = /Users/jie/My/Study/Qt/Projects/CheckSum/CheckSum/CalculateTaskManager.cpp; sourceTree = "<absolute>"; };
		7CE94C6FD4DB057F07D5A1C0 /* resource.h */ = {isa = PBXFileReference; lastKnownFileType = sourcecode.c.h; name = resource.h; path = /Users/jie/My/Study/Qt/Projects/CheckSum/CheckSum/resource.h; sourceTree = "<absolute>"; };
		7D7B02101166B76FD2D4F8B4 /* CoreText.framework */ = {isa = PBXFileReference; lastKnownFileType = wrapper.framework; name = CoreText.framework; path = /System/Library/Frameworks/CoreText.framework; sourceTree = "<absolute>"; };
		7EC00404ACD5AB0E97726B0E /* QuartzCore.framework */ = {isa = PBXFileReference; lastKnownFileType = wrapper.framework; name = QuartzCore.framework; path = /System/Library/Frameworks/QuartzCore.framework; sourceTree = "<absolute>"; };
		849600FB6F1A4E965EEE495C /* Qt5Core */ = {isa = PBXFileReference; lastKnownFileType = archive.ar; name = Qt5Core; path = "/Users/jie/My/Study/Qt/qt-everywhere-src-5.11.0/qtbase/lib/libQt5Core$(QT_LIBRARY_SUFFIX).a"; sourceTree = "<absolute>"; };
		84E5A8622378071078B37423 /* moc_checksum.cpp */ = {isa = PBXFileReference; lastKnownFileType = sourcecode.cpp.cpp; name = moc_checksum.cpp; path = /Users/jie/My/Study/Qt/Projects/CheckSum/CheckSum/moc_checksum.cpp; sourceTree = "<absolute>"; };
		86B56BC273E2CB70DC4BAFD2 /* qjpeg */ = {isa = PBXFileReference; lastKnownFileType = archive.ar; name = qjpeg; path = "/Users/jie/My/Study/Qt/qt-everywhere-src-5.11.0/qtbase/plugins/imageformats/libqjpeg$(QT_LIBRARY_SUFFIX).a"; sourceTree = "<absolute>"; };
		8D9815BDB5BD9F90D2BC05C5 /* AGL.framework */ = {isa = PBXFileReference; lastKnownFileType = wrapper.framework; name = AGL.framework; path = /System/Library/Frameworks/AGL.framework; sourceTree = "<absolute>"; };
		8FD9863393EA1FAEA8CA38E0 /* qtharfbuzz */ = {isa = PBXFileReference; lastKnownFileType = archive.ar; name = qtharfbuzz; path = "/Users/jie/My/Study/Qt/qt-everywhere-src-5.11.0/qtbase/lib/libqtharfbuzz$(QT_LIBRARY_SUFFIX).a"; sourceTree = "<absolute>"; };
		959BE535DDAB08389379149C /* qtga */ = {isa = PBXFileReference; lastKnownFileType = archive.ar; name = qtga; path = "/Users/jie/My/Study/Qt/qt-everywhere-src-5.11.0/qtbase/plugins/imageformats/libqtga$(QT_LIBRARY_SUFFIX).a"; sourceTree = "<absolute>"; };
		963E39EFB81A155198EE1A27 /* Qt5Widgets */ = {isa = PBXFileReference; lastKnownFileType = archive.ar; name = Qt5Widgets; path = "/Users/jie/My/Study/Qt/qt-everywhere-src-5.11.0/qtbase/lib/libQt5Widgets$(QT_LIBRARY_SUFFIX).a"; sourceTree = "<absolute>"; };
		9742F24EE18EA44D52824F1E /* CoreServices.framework */ = {isa = PBXFileReference; lastKnownFileType = wrapper.framework; name = CoreServices.framework; path = /System/Library/Frameworks/CoreServices.framework; sourceTree = "<absolute>"; };
		9D4D71DEB95D309A42871AD3 /* qgenericbearer */ = {isa = PBXFileReference; lastKnownFileType = archive.ar; name = qgenericbearer; path = "/Users/jie/My/Study/Qt/qt-everywhere-src-5.11.0/qtbase/plugins/bearer/libqgenericbearer$(QT_LIBRARY_SUFFIX).a"; sourceTree = "<absolute>"; };
		9DFF62A901D70814B8A323D4 /* Carbon.framework */ = {isa = PBXFileReference; lastKnownFileType = wrapper.framework; name = Carbon.framework; path = /System/Library/Frameworks/Carbon.framework; sourceTree = "<absolute>"; };
		9F590C8E250B731444E91182 /* CalculateFileCheckThread.h */ = {isa = PBXFileReference; lastKnownFileType = sourcecode.c.h; name = CalculateFileCheckThread.h; path = /Users/jie/My/Study/Qt/Projects/CheckSum/CheckSum/CalculateFileCheckThread.h; sourceTree = "<absolute>"; };
		9FD318293830CDF022D89858 /* ui_checksum.h */ = {isa = PBXFileReference; lastKnownFileType = sourcecode.c.h; name = ui_checksum.h; path = /Users/jie/My/Study/Qt/Projects/CheckSum/CheckSum/ui_checksum.h; sourceTree = "<absolute>"; };
		A188A587032BA2BED00BCC33 /* qcocoa */ = {isa = PBXFileReference; lastKnownFileType = archive.ar; name = qcocoa; path = "/Users/jie/My/Study/Qt/qt-everywhere-src-5.11.0/qtbase/plugins/platforms/libqcocoa$(QT_LIBRARY_SUFFIX).a"; sourceTree = "<absolute>"; };
		A1A67BEAA744704B29168D39 /* IOKit.framework */ = {isa = PBXFileReference; lastKnownFileType = wrapper.framework; name = IOKit.framework; path = /System/Library/Frameworks/IOKit.framework; sourceTree = "<absolute>"; };
		A6C1970C718C444BE89B281B /* checksum_plugin_import.cpp */ = {isa = PBXFileReference; lastKnownFileType = sourcecode.cpp.cpp; name = checksum_plugin_import.cpp; path = /Users/jie/My/Study/Qt/Projects/CheckSum/CheckSum/checksum_plugin_import.cpp; sourceTree = "<absolute>"; };
		A9159446910A9645459CBC9A /* qtpcre2 */ = {isa = PBXFileReference; lastKnownFileType = archive.ar; name = qtpcre2; path = "/Users/jie/My/Study/Qt/qt-everywhere-src-5.11.0/qtbase/lib/libqtpcre2$(QT_LIBRARY_SUFFIX).a"; sourceTree = "<absolute>"; };
		A9FB619DFD714A032D3911D0 /* Qt5GraphicsSupport */ = {isa = PBXFileReference; lastKnownFileType = archive.ar; name = Qt5GraphicsSupport; path = "/Users/jie/My/Study/Qt/qt-everywhere-src-5.11.0/qtbase/lib/libQt5GraphicsSupport$(QT_LIBRARY_SUFFIX).a"; sourceTree = "<absolute>"; };
		ACB2738A160C7D531954ACF6 /* qtiff */ = {isa = PBXFileReference; lastKnownFileType = archive.ar; name = qtiff; path = "/Users/jie/My/Study/Qt/qt-everywhere-src-5.11.0/qtbase/plugins/imageformats/libqtiff$(QT_LIBRARY_SUFFIX).a"; sourceTree = "<absolute>"; };
		B5427869A4FEF997F6677AEB /* QtWindowsAero.h */ = {isa = PBXFileReference; lastKnownFileType = sourcecode.c.h; name = QtWindowsAero.h; path = /Users/jie/My/Study/Qt/Projects/CheckSum/CheckSum/QtWindowsAero.h; sourceTree = "<absolute>"; };
		BAE79D923665E08588180944 /* checksum.cpp */ = {isa = PBXFileReference; fileEncoding = 2147484705; lastKnownFileType = sourcecode.cpp.cpp; name = checksum.cpp; path = /Users/jie/My/Study/Qt/Projects/CheckSum/CheckSum/checksum.cpp; sourceTree = "<absolute>"; };
		BE867A2052AB4722645044E7 /* CheckSum.app */ = {isa = PBXFileReference; explicitFileType = wrapper.application; includeInIndex = 0; path = CheckSum.app; sourceTree = BUILT_PRODUCTS_DIR; };
		CBDC798BCE61A51EA792E6DA /* moc_CalculateFileCheckThread.cpp */ = {isa = PBXFileReference; lastKnownFileType = sourcecode.cpp.cpp; name = moc_CalculateFileCheckThread.cpp; path = /Users/jie/My/Study/Qt/Projects/CheckSum/CheckSum/moc_CalculateFileCheckThread.cpp; sourceTree = "<absolute>"; };
		CFD35AE5CA73FFCC4A689D42 /* qwebp */ = {isa = PBXFileReference; lastKnownFileType = archive.ar; name = qwebp; path = "/Users/jie/My/Study/Qt/qt-everywhere-src-5.11.0/qtbase/plugins/imageformats/libqwebp$(QT_LIBRARY_SUFFIX).a"; sourceTree = "<absolute>"; };
		D4B32C2222F82AC56BADEB21 /* OpenGL.framework */ = {isa = PBXFileReference; lastKnownFileType = wrapper.framework; name = OpenGL.framework; path = /System/Library/Frameworks/OpenGL.framework; sourceTree = "<absolute>"; };
		DBADBA4A384BB1C121BF1C13 /* MoveLabel.cpp */ = {isa = PBXFileReference; lastKnownFileType = sourcecode.cpp.cpp; name = MoveLabel.cpp; path = /Users/jie/My/Study/Qt/Projects/CheckSum/CheckSum/MoveLabel.cpp; sourceTree = "<absolute>"; };
		DBCAE68485DBA908663429CA /* dummy.cpp */ = {isa = PBXFileReference; lastKnownFileType = sourcecode.cpp.cpp; name = dummy.cpp; path = "/Users/jie/My/Study/Qt/qt-everywhere-src-5.11.0/qtbase/mkspecs/features/data/dummy.cpp"; sourceTree = "<absolute>"; };
		DFD7912080BC557230093752 /* ApplicationServices.framework */ = {isa = PBXFileReference; lastKnownFileType = wrapper.framework; name = ApplicationServices.framework; path = /System/Library/Frameworks/ApplicationServices.framework; sourceTree = "<absolute>"; };
		E6665516091D32A2C4BC0B26 /* Qt5Gui */ = {isa = PBXFileReference; lastKnownFileType = archive.ar; name = Qt5Gui; path = "/Users/jie/My/Study/Qt/qt-everywhere-src-5.11.0/qtbase/lib/libQt5Gui$(QT_LIBRARY_SUFFIX).a"; sourceTree = "<absolute>"; };
		E7699638B2CE05FCD70384B4 /* CalculateFileCheckThread.cpp */ = {isa = PBXFileReference; lastKnownFileType = sourcecode.cpp.cpp; name = CalculateFileCheckThread.cpp; path = /Users/jie/My/Study/Qt/Projects/CheckSum/CheckSum/CalculateFileCheckThread.cpp; sourceTree = "<absolute>"; };
		EBD2A582188C4E3C6F247A9F /* checksum.ui */ = {isa = PBXFileReference; lastKnownFileType = text.xml; name = checksum.ui; path = /Users/jie/My/Study/Qt/Projects/CheckSum/CheckSum/checksum.ui; sourceTree = "<absolute>"; };
		F001B3595C3475F52541559C /* qmacheif */ = {isa = PBXFileReference; lastKnownFileType = archive.ar; name = qmacheif; path = "/Users/jie/My/Study/Qt/qt-everywhere-src-5.11.0/qtbase/plugins/imageformats/libqmacheif$(QT_LIBRARY_SUFFIX).a"; sourceTree = "<absolute>"; };
		F03840B63BE8CC52ED0F3B95 /* qtfreetype */ = {isa = PBXFileReference; lastKnownFileType = archive.ar; name = qtfreetype; path = "/Users/jie/My/Study/Qt/qt-everywhere-src-5.11.0/qtbase/lib/libqtfreetype$(QT_LIBRARY_SUFFIX).a"; sourceTree = "<absolute>"; };
		F0D6D5925A90370C69166CA8 /* cocoaprintersupport */ = {isa = PBXFileReference; lastKnownFileType = archive.ar; name = cocoaprintersupport; path = "/Users/jie/My/Study/Qt/qt-everywhere-src-5.11.0/qtbase/plugins/printsupport/libcocoaprintersupport$(QT_LIBRARY_SUFFIX).a"; sourceTree = "<absolute>"; };
		F3F5CE78F2E02AF64AECC82A /* moc_singleapplication.cpp */ = {isa = PBXFileReference; lastKnownFileType = sourcecode.cpp.cpp; name = moc_singleapplication.cpp; path = /Users/jie/My/Study/Qt/Projects/CheckSum/CheckSum/moc_singleapplication.cpp; sourceTree = "<absolute>"; };
		F48EE3B7C6BAFB8467A24C34 /* singleapplication.cpp */ = {isa = PBXFileReference; lastKnownFileType = sourcecode.cpp.cpp; name = singleapplication.cpp; path = /Users/jie/My/Study/Qt/Projects/CheckSum/CheckSum/singleapplication.cpp; sourceTree = "<absolute>"; };
		F6ABFAB86C54B99F1053DA8E /* moc_CalculateTaskManager.cpp */ = {isa = PBXFileReference; lastKnownFileType = sourcecode.cpp.cpp; name = moc_CalculateTaskManager.cpp; path = /Users/jie/My/Study/Qt/Projects/CheckSum/CheckSum/moc_CalculateTaskManager.cpp; sourceTree = "<absolute>"; };
		F7B17C25D734C71B5F01C532 /* Qt5Network */ = {isa = PBXFileReference; lastKnownFileType = archive.ar; name = Qt5Network; path = "/Users/jie/My/Study/Qt/qt-everywhere-src-5.11.0/qtbase/lib/libQt5Network$(QT_LIBRARY_SUFFIX).a"; sourceTree = "<absolute>"; };
		FCC237CA5AD60B9BA4447615 /* Foundation.framework */ = {isa = PBXFileReference; lastKnownFileType = wrapper.framework; name = Foundation.framework; path = /System/Library/Frameworks/Foundation.framework; sourceTree = "<absolute>"; };
		FF5BDAB0076F3391B219EA52 /* SystemConfiguration.framework */ = {isa = PBXFileReference; lastKnownFileType = wrapper.framework; name = SystemConfiguration.framework; path = /System/Library/Frameworks/SystemConfiguration.framework; sourceTree = "<absolute>"; };
/* End PBXFileReference section */

/* Begin PBXFrameworksBuildPhase section */
		D1C883685E82D5676953459A /* Link Binary With Libraries */ = {
			isa = PBXFrameworksBuildPhase;
			buildActionMask = 2147483647;
			files = (
				167E244056E56866FE1CF0FE /* qmacstyle in Link Binary With Libraries */,
				A99B2AA0F9CBBDD12BA126A4 /* DiskArbitration.framework in Link Binary With Libraries */,
				8D267F2E4776F0ECA2F49DC8 /* IOKit.framework in Link Binary With Libraries */,
				F26454630C80841CBDCFE1CA /* Foundation.framework in Link Binary With Libraries */,
				668DDDA0C55405E7FCFD6CA5 /* CoreServices.framework in Link Binary With Libraries */,
				F2A75ACAC9DF6A3F4E5711E7 /* AppKit.framework in Link Binary With Libraries */,
				328FD74542F6E2C873EE4D4B /* ApplicationServices.framework in Link Binary With Libraries */,
				F8B465CE34D8DF87AAE95913 /* CoreFoundation.framework in Link Binary With Libraries */,
				0CE02722F00CAD43741297B5 /* CoreGraphics.framework in Link Binary With Libraries */,
				8771A8C96E9C391044035D99 /* OpenGL.framework in Link Binary With Libraries */,
				E45E51A644D5FC9F942ECE55 /* AGL.framework in Link Binary With Libraries */,
				4D240C2C2F61131164AA8DA5 /* qcocoa in Link Binary With Libraries */,
				F8ED42CF8679BF83227DAFC4 /* Carbon.framework in Link Binary With Libraries */,
				B460F624007324313696BE86 /* QuartzCore.framework in Link Binary With Libraries */,
				4E9DEB077E2FBE2189AE665E /* Qt5AccessibilitySupport in Link Binary With Libraries */,
				F3BD44F3F50DBAA773900CC9 /* Qt5ThemeSupport in Link Binary With Libraries */,
				1D137C703F4AFB177A8F32BD /* Qt5FontDatabaseSupport in Link Binary With Libraries */,
				2B02D9DC58A01E45248DDBCE /* CoreText.framework in Link Binary With Libraries */,
				8DD02BE09BAD2D37F8F2CBA0 /* qtfreetype in Link Binary With Libraries */,
				2EDD96F4A06731462C8DEC9D /* Qt5GraphicsSupport in Link Binary With Libraries */,
				6362BD61821F63B1D453C96B /* Qt5ClipboardSupport in Link Binary With Libraries */,
				61EEC397DC8556BF8C4E36A7 /* ImageIO.framework in Link Binary With Libraries */,
				D4182164C24A1BF1CEE2E2B8 /* qgif in Link Binary With Libraries */,
				B1169A842CE017C790662742 /* qicns in Link Binary With Libraries */,
				D54FF91E752D80D609154B25 /* qico in Link Binary With Libraries */,
				B42401BB683CDDB11BD4395C /* qjpeg in Link Binary With Libraries */,
				D555492840B90BCB9A3AFF1D /* qmacheif in Link Binary With Libraries */,
				F7B8E9A3493778128D17CF55 /* qmacjp2 in Link Binary With Libraries */,
				7D3F745C50B1F10E796D3C5A /* qtga in Link Binary With Libraries */,
				60CAC28E6D51452A10719251 /* qtiff in Link Binary With Libraries */,
				F366236BEFE29801BD1B4206 /* qwbmp in Link Binary With Libraries */,
				8B521F82624A1D4D57792171 /* qwebp in Link Binary With Libraries */,
				369B03253A56D3360A52DE1A /* qgenericbearer in Link Binary With Libraries */,
				15364689D2AB5A30E87A689F /* Security.framework in Link Binary With Libraries */,
				D4639595C3BCF2A39D88DF6E /* SystemConfiguration.framework in Link Binary With Libraries */,
				BAB0DAF810D2BAFEDE013D18 /* cocoaprintersupport in Link Binary With Libraries */,
				A42F2C726655AB4EEE4AB1B2 /* Qt5PrintSupport in Link Binary With Libraries */,
				0BB88E1542169C2B832CED17 /* Qt5Widgets in Link Binary With Libraries */,
				A501050C2490AAA75D09388C /* Qt5Gui in Link Binary With Libraries */,
				F10C620261F60AB8DFEBA10B /* qtlibpng in Link Binary With Libraries */,
				43B4782C4BC1B10DF8B94ED1 /* qtharfbuzz in Link Binary With Libraries */,
				BC5EDF88442C8E552AA46B7D /* Qt5Network in Link Binary With Libraries */,
				A5AE0304D8D220A94FD0F4E0 /* Qt5Core in Link Binary With Libraries */,
				2661E87D171EC32AFC24555F /* qtpcre2 in Link Binary With Libraries */,
			);
			name = "Link Binary With Libraries";
			runOnlyForDeploymentPostprocessing = 0;
		};
/* End PBXFrameworksBuildPhase section */

/* Begin PBXGroup section */
		12E908B8A1C3C07C115504F5 /* Sources [uic] */ = {
			isa = PBXGroup;
			children = (
				EBD2A582188C4E3C6F247A9F /* checksum.ui */,
			);
			name = "Sources [uic]";
			sourceTree = "<group>";
		};
		25B08E2869634E9BCBA333A2 /* Generated Sources */ = {
			isa = PBXGroup;
			children = (
				A6C1970C718C444BE89B281B /* checksum_plugin_import.cpp */,
				CBDC798BCE61A51EA792E6DA /* moc_CalculateFileCheckThread.cpp */,
				F6ABFAB86C54B99F1053DA8E /* moc_CalculateTaskManager.cpp */,
				84E5A8622378071078B37423 /* moc_checksum.cpp */,
				F3F5CE78F2E02AF64AECC82A /* moc_singleapplication.cpp */,
				9FD318293830CDF022D89858 /* ui_checksum.h */,
			);
			name = "Generated Sources";
			sourceTree = "<group>";
		};
		2EB56BE3C2D93CDAB0C52E67 /* Sources */ = {
			isa = PBXGroup;
			children = (
				E7699638B2CE05FCD70384B4 /* CalculateFileCheckThread.cpp */,
				9F590C8E250B731444E91182 /* CalculateFileCheckThread.h */,
				7C9AE843C31CE62C71E51B65 /* CalculateTaskManager.cpp */,
				5521B44D55C947DE23802C69 /* CalculateTaskManager.h */,
				BAE79D923665E08588180944 /* checksum.cpp */,
				3436E86C04C7190BF502105C /* checksum.h */,
				2DF310E76F57E3E63671189C /* main.cpp */,
				DBADBA4A384BB1C121BF1C13 /* MoveLabel.cpp */,
				000EFAECBE9FECC83F243764 /* MoveLabel.h */,
				038F31E11FD2F370BAE0ED78 /* MoveWidget.cpp */,
				27F57479DF4CC6DB3AC400FF /* MoveWidget.h */,
				75FDED66D5E12A555223025D /* qrc_checksum.cpp */,
				567E587911553A8F85769F4F /* QtWindowsAero.cpp */,
				B5427869A4FEF997F6677AEB /* QtWindowsAero.h */,
				7CE94C6FD4DB057F07D5A1C0 /* resource.h */,
				F48EE3B7C6BAFB8467A24C34 /* singleapplication.cpp */,
				0B4E925CB02E8565483139C1 /* singleapplication.h */,
			);
			name = Sources;
			sourceTree = "<group>";
		};
		74B182DB50CB5611B5C1C297 /* Supporting Files */ = {
			isa = PBXGroup;
			children = (
				554067E11BB0323B7F361959 /* CheckSum.pro */,
				5D48D5F4C01874A25B1962CB /* .qmake.stash */,
			);
			name = "Supporting Files";
			sourceTree = "<group>";
		};
		87DF60DE337FB58864343E39 /* Resources */ = {
			isa = PBXGroup;
			children = (
				18D15CB820B9185000758442 /* MacIcon.icns */,
				06BE538FB6323E57C4AFADC6 /* checksum.qrc */,
			);
			name = Resources;
			sourceTree = "<group>";
		};
		AF39DD055C3EF8226FBE929D /* Frameworks */ = {
			isa = PBXGroup;
			children = (
				8D9815BDB5BD9F90D2BC05C5 /* AGL.framework */,
				723F90793B2C195E2CCB2233 /* AppKit.framework */,
				DFD7912080BC557230093752 /* ApplicationServices.framework */,
				9DFF62A901D70814B8A323D4 /* Carbon.framework */,
				F0D6D5925A90370C69166CA8 /* cocoaprintersupport */,
				4D765E1B1EA6C757220C63E7 /* CoreFoundation.framework */,
				6AE3EC31EE5BB1FCEE84137C /* CoreGraphics.framework */,
				9742F24EE18EA44D52824F1E /* CoreServices.framework */,
				7D7B02101166B76FD2D4F8B4 /* CoreText.framework */,
				2B774D8E4178765CE52EAAF5 /* DiskArbitration.framework */,
				FCC237CA5AD60B9BA4447615 /* Foundation.framework */,
				3A8EF9C62A8D4790CBB89CEA /* ImageIO.framework */,
				A1A67BEAA744704B29168D39 /* IOKit.framework */,
				D4B32C2222F82AC56BADEB21 /* OpenGL.framework */,
				A188A587032BA2BED00BCC33 /* qcocoa */,
				9D4D71DEB95D309A42871AD3 /* qgenericbearer */,
				591E689A3455B0AD8224DBAC /* qgif */,
				28D93D11FE4EC49FC25C362F /* qicns */,
				0AC71381D8AECAF2FA9523F6 /* qico */,
				86B56BC273E2CB70DC4BAFD2 /* qjpeg */,
				F001B3595C3475F52541559C /* qmacheif */,
				68B1C75F08BC041326F35DC2 /* qmacjp2 */,
				3611B52F813C79359F307D97 /* qmacstyle */,
				605BC8B27D861793EC50B539 /* Qt5AccessibilitySupport */,
				7239ECDAEA862469791279BB /* Qt5ClipboardSupport */,
				849600FB6F1A4E965EEE495C /* Qt5Core */,
				1ED2DFC06BE668E05006F0BF /* Qt5FontDatabaseSupport */,
				A9FB619DFD714A032D3911D0 /* Qt5GraphicsSupport */,
				E6665516091D32A2C4BC0B26 /* Qt5Gui */,
				F7B17C25D734C71B5F01C532 /* Qt5Network */,
				1402E731C643AE1B0067112A /* Qt5PrintSupport */,
				1E3035B950537B3476CDA789 /* Qt5ThemeSupport */,
				963E39EFB81A155198EE1A27 /* Qt5Widgets */,
				F03840B63BE8CC52ED0F3B95 /* qtfreetype */,
				959BE535DDAB08389379149C /* qtga */,
				8FD9863393EA1FAEA8CA38E0 /* qtharfbuzz */,
				ACB2738A160C7D531954ACF6 /* qtiff */,
				60B5768B8692DF9970C517BA /* qtlibpng */,
				A9159446910A9645459CBC9A /* qtpcre2 */,
				7EC00404ACD5AB0E97726B0E /* QuartzCore.framework */,
				6A36B5631C3894F20262E2FF /* qwbmp */,
				CFD35AE5CA73FFCC4A689D42 /* qwebp */,
				205259EEEE2BADA5E64741E3 /* Security.framework */,
				FF5BDAB0076F3391B219EA52 /* SystemConfiguration.framework */,
			);
			name = Frameworks;
			sourceTree = "<group>";
		};
		B8254625CFD509ED2A24A166 /* Sources [moc_predefs] */ = {
			isa = PBXGroup;
			children = (
				DBCAE68485DBA908663429CA /* dummy.cpp */,
			);
			name = "Sources [moc_predefs]";
			sourceTree = "<group>";
		};
		E8C543AB96796ECAA2E65C57 /* CheckSum */ = {
			isa = PBXGroup;
			children = (
				2EB56BE3C2D93CDAB0C52E67 /* Sources */,
				25B08E2869634E9BCBA333A2 /* Generated Sources */,
				87DF60DE337FB58864343E39 /* Resources */,
				B8254625CFD509ED2A24A166 /* Sources [moc_predefs] */,
				12E908B8A1C3C07C115504F5 /* Sources [uic] */,
				74B182DB50CB5611B5C1C297 /* Supporting Files */,
				AF39DD055C3EF8226FBE929D /* Frameworks */,
				FE0A091FDBFB3E9C31B7A1BD /* Products */,
			);
			name = CheckSum;
			sourceTree = "<group>";
		};
		FE0A091FDBFB3E9C31B7A1BD /* Products */ = {
			isa = PBXGroup;
			children = (
				BE867A2052AB4722645044E7 /* CheckSum.app */,
			);
			name = Products;
			sourceTree = "<group>";
		};
/* End PBXGroup section */

/* Begin PBXNativeTarget section */
		7E786CBBCEA6B6573E3A4D1E /* CheckSum */ = {
			isa = PBXNativeTarget;
			buildConfigurationList = 6CC3B5D2136C7CD6A5CF5A59 /* Build configuration list for PBXNativeTarget "CheckSum" */;
			buildPhases = (
				F7E50F631C51CD5B5DC0BC43 /* Compile Sources */,
				D1C883685E82D5676953459A /* Link Binary With Libraries */,
				30414803F31797EB689AE508 /* Copy Bundle Resources */,
				99542592E9780B9225F24AA8 /* Embed Frameworks */,
			);
			buildRules = (
			);
			dependencies = (
				AD90563BD9DE525788BFC9AB /* PBXTargetDependency */,
			);
			name = CheckSum;
			productName = CheckSum;
			productReference = BE867A2052AB4722645044E7 /* CheckSum.app */;
			productType = "com.apple.product-type.application";
		};
/* End PBXNativeTarget section */

/* Begin PBXProject section */
		6DB9C3763D02B1415CD9D565 /* Project object */ = {
			isa = PBXProject;
			attributes = {
			};
			buildConfigurationList = DAC4C1AA5EDEA1C85E9CA5E6 /* Build configuration list for PBXProject "CheckSum" */;
			compatibilityVersion = "Xcode 3.2";
			developmentRegion = en;
			hasScannedForEncodings = 1;
			knownRegions = (
				en,
			);
			mainGroup = E8C543AB96796ECAA2E65C57 /* CheckSum */;
			productRefGroup = FE0A091FDBFB3E9C31B7A1BD /* Products */;
			projectDirPath = "";
			projectRoot = "";
			targets = (
				7E786CBBCEA6B6573E3A4D1E /* CheckSum */,
				8C9F7C9647E9CFB845F727E8 /* Qt Preprocess */,
			);
		};
/* End PBXProject section */

/* Begin PBXResourcesBuildPhase section */
		30414803F31797EB689AE508 /* Copy Bundle Resources */ = {
			isa = PBXResourcesBuildPhase;
			buildActionMask = 2147483647;
			files = (
				18D15CB920B9185000758442 /* MacIcon.icns in Copy Bundle Resources */,
			);
			name = "Copy Bundle Resources";
			runOnlyForDeploymentPostprocessing = 0;
		};
/* End PBXResourcesBuildPhase section */

/* Begin PBXShellScriptBuildPhase section */
		5E618435888B9D49F8540165 /* Qt Qmake */ = {
			isa = PBXShellScriptBuildPhase;
			buildActionMask = 2147483647;
			files = (
			);
			name = "Qt Qmake";
			runOnlyForDeploymentPostprocessing = 0;
			shellPath = /bin/sh;
			shellScript = "make -C /Users/jie/My/Study/Qt/Projects/CheckSum/CheckSum/ -f CheckSum.xcodeproj/qt_makeqmake.mak";
			showEnvVarsInLog = 0;
		};
		7EF0942E79C014DCEC8976BC /* Qt Preprocessors */ = {
			isa = PBXShellScriptBuildPhase;
			buildActionMask = 2147483647;
			files = (
			);
			name = "Qt Preprocessors";
			runOnlyForDeploymentPostprocessing = 0;
			shellPath = /bin/sh;
			shellScript = "make -C /Users/jie/My/Study/Qt/Projects/CheckSum/CheckSum/ -f CheckSum.xcodeproj/qt_preprocess.mak";
			showEnvVarsInLog = 0;
		};
/* End PBXShellScriptBuildPhase section */

/* Begin PBXSourcesBuildPhase section */
		F7E50F631C51CD5B5DC0BC43 /* Compile Sources */ = {
			isa = PBXSourcesBuildPhase;
			buildActionMask = 2147483647;
			files = (
				E38D807E3D10B8047FA3E2B5 /* CalculateFileCheckThread.cpp in Compile Sources */,
				E8FCC5F30261A7B01ADF9D64 /* CalculateTaskManager.cpp in Compile Sources */,
				6D802B99420E95FBFD7586EE /* checksum.cpp in Compile Sources */,
				1357A03DB93FCE08BACDE3A7 /* main.cpp in Compile Sources */,
				C127EDF8E11AA1E4DBF7E406 /* MoveLabel.cpp in Compile Sources */,
				5E613805A7DDFDE9161F1611 /* MoveWidget.cpp in Compile Sources */,
				CA2065F8E65BC001FEC83C5F /* QtWindowsAero.cpp in Compile Sources */,
				0B30C86D4DEE3B6D01704815 /* singleapplication.cpp in Compile Sources */,
				1F8275852D155105DBC21CA0 /* qrc_checksum.cpp in Compile Sources */,
				1AB01A4D60FEF66DC4A9763F /* checksum_plugin_import.cpp in Compile Sources */,
				626977B47417B27DC69E03CC /* moc_CalculateFileCheckThread.cpp in Compile Sources */,
				C9EE5E17F1B19EA9824AF19F /* moc_CalculateTaskManager.cpp in Compile Sources */,
				AAFCA0D9B73B867D66C18947 /* moc_checksum.cpp in Compile Sources */,
				EA9596D6E6AF8FE0F302D739 /* moc_singleapplication.cpp in Compile Sources */,
				0313C7D8120890CA8DFF4132 /* dummy.cpp in Compile Sources */,
			);
			name = "Compile Sources";
			runOnlyForDeploymentPostprocessing = 0;
		};
/* End PBXSourcesBuildPhase section */

/* Begin PBXTargetDependency section */
		AD90563BD9DE525788BFC9AB /* PBXTargetDependency */ = {
			isa = PBXTargetDependency;
			target = 8C9F7C9647E9CFB845F727E8 /* Qt Preprocess */;
			targetProxy = 18D15CB320B90D5500758442 /* PBXContainerItemProxy */;
		};
/* End PBXTargetDependency section */

/* Begin XCBuildConfiguration section */
		339EE1B2CC4FC24589A0EA95 /* Release */ = {
			isa = XCBuildConfiguration;
			buildSettings = {
				APPLICATION_EXTENSION_API_ONLY = NO;
				ARCHS = x86_64;
				"ARCHS[sdk=macosx*]" = x86_64;
				CC = /Applications/Xcode.app/Contents/Developer/Toolchains/XcodeDefault.xctoolchain/usr/bin/clang;
				COPY_PHASE_STRIP = NO;
				DYLIB_COMPATIBILITY_VERSION = 1.0;
				DYLIB_CURRENT_VERSION = 1.0.0;
				ENABLE_BITCODE = NO;
				FRAMEWORK_SEARCH_PATHS = "";
				GCC_VERSION = com.apple.compilers.llvm.clang.1_0;
				HEADER_SEARCH_PATHS = (
					.,
					"../../../qt-everywhere-src-5.11.0/qtbase/include",
					"../../../qt-everywhere-src-5.11.0/qtbase/include/QtWidgets",
					"../../../qt-everywhere-src-5.11.0/qtbase/include/QtGui",
					"../../../qt-everywhere-src-5.11.0/qtbase/include/QtNetwork",
					"../../../qt-everywhere-src-5.11.0/qtbase/include/QtCore",
					.,
					/Applications/Xcode.app/Contents/Developer/Platforms/MacOSX.platform/Developer/SDKs/MacOSX10.13.sdk/System/Library/Frameworks/OpenGL.framework/Headers,
					/Applications/Xcode.app/Contents/Developer/Platforms/MacOSX.platform/Developer/SDKs/MacOSX10.13.sdk/System/Library/Frameworks/AGL.framework/Headers,
					.,
					"../../../qt-everywhere-src-5.11.0/qtbase/mkspecs/macx-clang",
				);
				INFOPLIST_FILE = Info.plist;
				LDPLUSPLUS = "/Applications/Xcode.app/Contents/Developer/Toolchains/XcodeDefault.xctoolchain/usr/bin/clang++";
				LIBRARY_SEARCH_PATHS = (
					"/Users/jie/My/Study/Qt/qt-everywhere-src-5.11.0/qtbase/plugins/styles",
					"/Users/jie/My/Study/Qt/qt-everywhere-src-5.11.0/qtbase/lib",
					/System/Library/Frameworks/,
					"/Users/jie/My/Study/Qt/qt-everywhere-src-5.11.0/qtbase/plugins/platforms",
					"/Users/jie/My/Study/Qt/qt-everywhere-src-5.11.0/qtbase/plugins/imageformats",
					"/Users/jie/My/Study/Qt/qt-everywhere-src-5.11.0/qtbase/plugins/bearer",
					"/Users/jie/My/Study/Qt/qt-everywhere-src-5.11.0/qtbase/plugins/printsupport",
				);
				MACOSX_DEPLOYMENT_TARGET = 10.11;
				OTHER_CFLAGS = (
					"-pipe",
					"-O2",
					"-Wall",
					"-W",
					"-fPIC",
					"-DQT_DEPRECATED_WARNINGS",
					"-DQT_NO_DEBUG",
					"-DQT_WIDGETS_LIB",
					"-DQT_GUI_LIB",
					"-DQT_NETWORK_LIB",
					"-DQT_CORE_LIB",
				);
				OTHER_CPLUSPLUSFLAGS = (
					"-pipe",
					"-stdlib=libc++",
					"-O2",
					"-std=gnu++11",
					"-Wall",
					"-W",
					"-fPIC",
					"-DQT_DEPRECATED_WARNINGS",
					"-DQT_NO_DEBUG",
					"-DQT_WIDGETS_LIB",
					"-DQT_GUI_LIB",
					"-DQT_NETWORK_LIB",
					"-DQT_CORE_LIB",
				);
				OTHER_LDFLAGS = (
					"-stdlib=libc++",
					"-headerpad_max_install_names",
					"-Wl,-rpath,@executable_path/Frameworks",
					"-L/Users/jie/My/Study/Qt/qt-everywhere-src-5.11.0/qtbase/plugins/styles",
					"-L/Users/jie/My/Study/Qt/qt-everywhere-src-5.11.0/qtbase/lib",
					"-L/Users/jie/My/Study/Qt/qt-everywhere-src-5.11.0/qtbase/plugins/platforms",
					"-lcups",
					"-L/Users/jie/My/Study/Qt/qt-everywhere-src-5.11.0/qtbase/plugins/imageformats",
					"-L/Users/jie/My/Study/Qt/qt-everywhere-src-5.11.0/qtbase/plugins/bearer",
					"-L/Users/jie/My/Study/Qt/qt-everywhere-src-5.11.0/qtbase/plugins/printsupport",
					"-lm",
					"-lz",
				);
				PRODUCT_BUNDLE_IDENTIFIER = "jie.${PRODUCT_NAME:rfc1034identifier}";
				PRODUCT_NAME = CheckSum;
				QMAKE_PKGINFO_TYPEINFO = "????";
				QT_LIBRARY_SUFFIX = "";
				SDKROOT = macosx;
				SYMROOT = $SRCROOT/;
			};
			name = Release;
		};
		3AA6C32AC930069E80220CF1 /* Debug */ = {
			isa = XCBuildConfiguration;
			buildSettings = {
				APPLICATION_EXTENSION_API_ONLY = NO;
				ARCHS = x86_64;
				"ARCHS[sdk=macosx*]" = x86_64;
				CC = /Applications/Xcode.app/Contents/Developer/Toolchains/XcodeDefault.xctoolchain/usr/bin/clang;
				COPY_PHASE_STRIP = NO;
				DEBUG_INFORMATION_FORMAT = dwarf;
				DYLIB_COMPATIBILITY_VERSION = 1.0;
				DYLIB_CURRENT_VERSION = 1.0.0;
				ENABLE_BITCODE = NO;
				FRAMEWORK_SEARCH_PATHS = "";
				GCC_OPTIMIZATION_LEVEL = 0;
				GCC_VERSION = com.apple.compilers.llvm.clang.1_0;
				HEADER_SEARCH_PATHS = (
					.,
					"../../../qt-everywhere-src-5.11.0/qtbase/include",
					"../../../qt-everywhere-src-5.11.0/qtbase/include/QtWidgets",
					"../../../qt-everywhere-src-5.11.0/qtbase/include/QtGui",
					"../../../qt-everywhere-src-5.11.0/qtbase/include/QtNetwork",
					"../../../qt-everywhere-src-5.11.0/qtbase/include/QtCore",
					.,
					/Applications/Xcode.app/Contents/Developer/Platforms/MacOSX.platform/Developer/SDKs/MacOSX10.13.sdk/System/Library/Frameworks/OpenGL.framework/Headers,
					/Applications/Xcode.app/Contents/Developer/Platforms/MacOSX.platform/Developer/SDKs/MacOSX10.13.sdk/System/Library/Frameworks/AGL.framework/Headers,
					.,
					"../../../qt-everywhere-src-5.11.0/qtbase/mkspecs/macx-clang",
				);
				INFOPLIST_FILE = Info.plist;
				LDPLUSPLUS = "/Applications/Xcode.app/Contents/Developer/Toolchains/XcodeDefault.xctoolchain/usr/bin/clang++";
				LIBRARY_SEARCH_PATHS = (
					"/Users/jie/My/Study/Qt/qt-everywhere-src-5.11.0/qtbase/plugins/styles",
					"/Users/jie/My/Study/Qt/qt-everywhere-src-5.11.0/qtbase/lib",
					/System/Library/Frameworks/,
					"/Users/jie/My/Study/Qt/qt-everywhere-src-5.11.0/qtbase/plugins/platforms",
					"/Users/jie/My/Study/Qt/qt-everywhere-src-5.11.0/qtbase/plugins/imageformats",
					"/Users/jie/My/Study/Qt/qt-everywhere-src-5.11.0/qtbase/plugins/bearer",
					"/Users/jie/My/Study/Qt/qt-everywhere-src-5.11.0/qtbase/plugins/printsupport",
				);
				MACOSX_DEPLOYMENT_TARGET = 10.11;
				ONLY_ACTIVE_ARCH = YES;
				OTHER_CFLAGS = (
					"-pipe",
					"-O2",
					"-Wall",
					"-W",
					"-fPIC",
					"-DQT_DEPRECATED_WARNINGS",
					"-DQT_NO_DEBUG",
					"-DQT_WIDGETS_LIB",
					"-DQT_GUI_LIB",
					"-DQT_NETWORK_LIB",
					"-DQT_CORE_LIB",
				);
				OTHER_CPLUSPLUSFLAGS = (
					"-pipe",
					"-stdlib=libc++",
					"-O2",
					"-std=gnu++11",
					"-Wall",
					"-W",
					"-fPIC",
					"-DQT_DEPRECATED_WARNINGS",
					"-DQT_NO_DEBUG",
					"-DQT_WIDGETS_LIB",
					"-DQT_GUI_LIB",
					"-DQT_NETWORK_LIB",
					"-DQT_CORE_LIB",
				);
				OTHER_LDFLAGS = (
					"-stdlib=libc++",
					"-headerpad_max_install_names",
					"-Wl,-rpath,@executable_path/Frameworks",
					"-L/Users/jie/My/Study/Qt/qt-everywhere-src-5.11.0/qtbase/plugins/styles",
					"-L/Users/jie/My/Study/Qt/qt-everywhere-src-5.11.0/qtbase/lib",
					"-L/Users/jie/My/Study/Qt/qt-everywhere-src-5.11.0/qtbase/plugins/platforms",
					"-lcups",
					"-L/Users/jie/My/Study/Qt/qt-everywhere-src-5.11.0/qtbase/plugins/imageformats",
					"-L/Users/jie/My/Study/Qt/qt-everywhere-src-5.11.0/qtbase/plugins/bearer",
					"-L/Users/jie/My/Study/Qt/qt-everywhere-src-5.11.0/qtbase/plugins/printsupport",
					"-lm",
					"-lz",
				);
				PRODUCT_BUNDLE_IDENTIFIER = "jie.${PRODUCT_NAME:rfc1034identifier}";
				PRODUCT_NAME = CheckSum;
				QMAKE_PKGINFO_TYPEINFO = "????";
				QT_LIBRARY_SUFFIX = "";
				SDKROOT = macosx;
				SYMROOT = $SRCROOT/;
			};
			name = Debug;
		};
		6666AA5E688052234F6758D8 /* Release */ = {
			isa = XCBuildConfiguration;
			buildSettings = {
				APPLICATION_EXTENSION_API_ONLY = NO;
				"ARCHS[sdk=macosx*]" = x86_64;
				COPY_PHASE_STRIP = NO;
				ENABLE_BITCODE = NO;
				GCC_INPUT_FILETYPE = sourcecode.cpp.objcpp;
				MACOSX_DEPLOYMENT_TARGET = 10.10;
				PRODUCT_BUNDLE_IDENTIFIER = "jie.${PRODUCT_NAME:rfc1034identifier}";
				PRODUCT_NAME = CheckSum;
				QMAKE_PKGINFO_TYPEINFO = "????";
				QT_LIBRARY_SUFFIX = "";
				SDKROOT = macosx;
			};
			name = Release;
		};
		77418F46922677BB04ED38DD /* Debug */ = {
			isa = XCBuildConfiguration;
			buildSettings = {
				APPLICATION_EXTENSION_API_ONLY = NO;
				"ARCHS[sdk=macosx*]" = x86_64;
				COPY_PHASE_STRIP = NO;
				DEBUG_INFORMATION_FORMAT = dwarf;
				ENABLE_BITCODE = NO;
				GCC_INPUT_FILETYPE = sourcecode.cpp.objcpp;
				GCC_OPTIMIZATION_LEVEL = 0;
				MACOSX_DEPLOYMENT_TARGET = 10.10;
				ONLY_ACTIVE_ARCH = YES;
				PRODUCT_BUNDLE_IDENTIFIER = "jie.${PRODUCT_NAME:rfc1034identifier}";
				PRODUCT_NAME = CheckSum;
				QMAKE_PKGINFO_TYPEINFO = "????";
				QT_LIBRARY_SUFFIX = "";
				SDKROOT = macosx;
			};
			name = Debug;
		};
/* End XCBuildConfiguration section */

/* Begin XCConfigurationList section */
		6CC3B5D2136C7CD6A5CF5A59 /* Build configuration list for PBXNativeTarget "CheckSum" */ = {
			isa = XCConfigurationList;
			buildConfigurations = (
				77418F46922677BB04ED38DD /* Debug */,
				6666AA5E688052234F6758D8 /* Release */,
			);
			defaultConfigurationIsVisible = 0;
			defaultConfigurationName = Release;
		};
		DAC4C1AA5EDEA1C85E9CA5E6 /* Build configuration list for PBXProject "CheckSum" */ = {
			isa = XCConfigurationList;
			buildConfigurations = (
				3AA6C32AC930069E80220CF1 /* Debug */,
				339EE1B2CC4FC24589A0EA95 /* Release */,
			);
			defaultConfigurationIsVisible = 0;
			defaultConfigurationName = Release;
		};
/* End XCConfigurationList section */
	};
	rootObject = 6DB9C3763D02B1415CD9D565 /* Project object */;
}
